
Microsoft Visual Studio Solution File, Format Version 11.00
# Visual Studio 2010
Project("{FAE04EC0-301F-11D3-BF4B-00C04F79EFBC}") = "systemsri", "systemsri\systemsri.csproj", "{5BF15477-6C50-4E40-BAF2-00E110E275BF}"
EndProject
Project("{2150E333-8FDC-42A3-9474-1A3956D46DE8}") = "Presentacion", "Presentacion", "{0731F3F9-3083-479C-A179-B10258CB3DE4}"
EndProject
Project("{2150E333-8FDC-42A3-9474-1A3956D46DE8}") = "Negocio", "Negocio", "{8F4E9F67-AE83-44EE-BEBD-D240D282C46D}"
EndProject
Project("{2150E333-8FDC-42A3-9474-1A3956D46DE8}") = "Dao", "Dao", "{6992A2E2-751E-49CF-9AA3-EC276E046AE0}"
EndProject
Project("{FAE04EC0-301F-11D3-BF4B-00C04F79EFBC}") = "ConexionDatos", "ConexionDatos\ConexionDatos.csproj", "{638AC9C7-4188-4659-A531-8EE62441FE71}"
EndProject
Project("{FAE04EC0-301F-11D3-BF4B-00C04F79EFBC}") = "NegocioSRI", "Negocio\NegocioSRI.csproj", "{9583927A-48BB-4120-85A0-37457D64DFF3}"
EndProject
Project("{FAE04EC0-301F-11D3-BF4B-00C04F79EFBC}") = "ClasesESpeciales", "ClasesESpeciales\ClasesESpeciales.csproj", "{FB20BE01-6566-49F0-A38A-FD52D182DF08}"
EndProject
Project("{2150E333-8FDC-42A3-9474-1A3956D46DE8}") = "Upload", "Upload", "{97F8668A-D9FE-4C98-8D64-075B561948F0}"
EndProject
Project("{2150E333-8FDC-42A3-9474-1A3956D46DE8}") = "ArchivosMulta", "ArchivosMulta", "{4FE24AD6-C2E3-47D2-8757-003A725F7730}"
EndProject
Global
	GlobalSection(SolutionConfigurationPlatforms) = preSolution
		Debug|Any CPU = Debug|Any CPU
		Release|Any CPU = Release|Any CPU
	EndGlobalSection
	GlobalSection(ProjectConfigurationPlatforms) = postSolution
		{5BF15477-6C50-4E40-BAF2-00E110E275BF}.Debug|Any CPU.ActiveCfg = Debug|Any CPU
		{5BF15477-6C50-4E40-BAF2-00E110E275BF}.Debug|Any CPU.Build.0 = Debug|Any CPU
		{5BF15477-6C50-4E40-BAF2-00E110E275BF}.Release|Any CPU.ActiveCfg = Release|Any CPU
		{5BF15477-6C50-4E40-BAF2-00E110E275BF}.Release|Any CPU.Build.0 = Release|Any CPU
		{638AC9C7-4188-4659-A531-8EE62441FE71}.Debug|Any CPU.ActiveCfg = Debug|Any CPU
		{638AC9C7-4188-4659-A531-8EE62441FE71}.Debug|Any CPU.Build.0 = Debug|Any CPU
		{638AC9C7-4188-4659-A531-8EE62441FE71}.Release|Any CPU.ActiveCfg = Release|Any CPU
		{638AC9C7-4188-4659-A531-8EE62441FE71}.Release|Any CPU.Build.0 = Release|Any CPU
		{9583927A-48BB-4120-85A0-37457D64DFF3}.Debug|Any CPU.ActiveCfg = Debug|Any CPU
		{9583927A-48BB-4120-85A0-37457D64DFF3}.Debug|Any CPU.Build.0 = Debug|Any CPU
		{9583927A-48BB-4120-85A0-37457D64DFF3}.Release|Any CPU.ActiveCfg = Release|Any CPU
		{9583927A-48BB-4120-85A0-37457D64DFF3}.Release|Any CPU.Build.0 = Release|Any CPU
		{FB20BE01-6566-49F0-A38A-FD52D182DF08}.Debug|Any CPU.ActiveCfg = Debug|Any CPU
		{FB20BE01-6566-49F0-A38A-FD52D182DF08}.Debug|Any CPU.Build.0 = Debug|Any CPU
		{FB20BE01-6566-49F0-A38A-FD52D182DF08}.Release|Any CPU.ActiveCfg = Release|Any CPU
		{FB20BE01-6566-49F0-A38A-FD52D182DF08}.Release|Any CPU.Build.0 = Release|Any CPU
	EndGlobalSection
	GlobalSection(SolutionProperties) = preSolution
		HideSolutionNode = FALSE
	EndGlobalSection
	GlobalSection(NestedProjects) = preSolution
		{5BF15477-6C50-4E40-BAF2-00E110E275BF} = {0731F3F9-3083-479C-A179-B10258CB3DE4}
		{9583927A-48BB-4120-85A0-37457D64DFF3} = {8F4E9F67-AE83-44EE-BEBD-D240D282C46D}
		{FB20BE01-6566-49F0-A38A-FD52D182DF08} = {8F4E9F67-AE83-44EE-BEBD-D240D282C46D}
		{97F8668A-D9FE-4C98-8D64-075B561948F0} = {8F4E9F67-AE83-44EE-BEBD-D240D282C46D}
		{4FE24AD6-C2E3-47D2-8757-003A725F7730} = {8F4E9F67-AE83-44EE-BEBD-D240D282C46D}
		{638AC9C7-4188-4659-A531-8EE62441FE71} = {6992A2E2-751E-49CF-9AA3-EC276E046AE0}
	EndGlobalSection
EndGlobal
